{
  "version": 4,
  "terraform_version": "1.4.6",
  "serial": 42,
  "lineage": "d64a4636-0686-f688-9b94-7fb1a7d7cbf5",
  "outputs": {},
  "resources": [
    {
      "mode": "managed",
      "type": "azurerm_app_service",
      "name": "app",
      "provider": "provider[\"registry.terraform.io/hashicorp/azurerm\"]",
      "instances": [
        {
          "index_key": "apimla",
          "schema_version": 0,
          "attributes": {
            "app_service_plan_id": "/subscriptions/cf2f3d8f-d5f0-4e57-af12-ffed0b28f6f6/resourceGroups/apisfabio-rg/providers/Microsoft.Web/serverfarms/appserviceplan",
            "app_settings": {
              "DOCKER_REGISTRY_SERVER_PASSWORD": "ku054FMkMwzmlaLzx6Mro+/rZtLy2fmTI57RQLlGMQ+ACRBgLZtB",
              "DOCKER_REGISTRY_SERVER_URL": "https://apifabio.azurecr.io",
              "DOCKER_REGISTRY_SERVER_USERNAME": "apifabio",
              "WEBSITES_ENABLE_APP_SERVICE_STORAGE": "false",
              "WEBSITES_PORT": "3000"
            },
            "auth_settings": [
              {
                "active_directory": [],
                "additional_login_params": {},
                "allowed_external_redirect_urls": [],
                "default_provider": "",
                "enabled": false,
                "facebook": [],
                "google": [],
                "issuer": "",
                "microsoft": [],
                "runtime_version": "",
                "token_refresh_extension_hours": 0,
                "token_store_enabled": false,
                "twitter": [],
                "unauthenticated_client_action": ""
              }
            ],
            "backup": [],
            "client_affinity_enabled": false,
            "client_cert_enabled": false,
            "connection_string": [],
            "custom_domain_verification_id": "1DA95F283F3F1792027744C04307B9D8AF04820E6CA21C42EFDB88ACE8E2AAD5",
            "default_site_hostname": "apimla.azurewebsites.net",
            "enabled": true,
            "https_only": false,
            "id": "/subscriptions/cf2f3d8f-d5f0-4e57-af12-ffed0b28f6f6/resourceGroups/apisfabio-rg/providers/Microsoft.Web/sites/apimla",
            "identity": [],
            "location": "eastus2",
            "logs": [
              {
                "application_logs": [
                  {
                    "azure_blob_storage": [],
                    "file_system_level": "Off"
                  }
                ],
                "detailed_error_messages_enabled": false,
                "failed_request_tracing_enabled": false,
                "http_logs": [
                  {
                    "azure_blob_storage": [],
                    "file_system": []
                  }
                ]
              }
            ],
            "name": "apimla",
            "outbound_ip_address_list": [
              "20.22.97.118",
              "20.22.103.156",
              "20.22.103.192",
              "20.22.103.201",
              "20.22.103.206",
              "20.22.103.227",
              "20.119.136.10"
            ],
            "outbound_ip_addresses": "20.22.97.118,20.22.103.156,20.22.103.192,20.22.103.201,20.22.103.206,20.22.103.227,20.119.136.10",
            "possible_outbound_ip_address_list": [
              "20.22.97.118",
              "20.22.103.156",
              "20.22.103.192",
              "20.22.103.201",
              "20.22.103.206",
              "20.22.103.227",
              "20.22.103.232",
              "20.12.112.26",
              "20.12.112.32",
              "20.12.112.124",
              "20.12.112.153",
              "20.12.112.156",
              "20.12.113.210",
              "20.12.113.213",
              "20.12.113.216",
              "20.12.113.255",
              "20.12.114.32",
              "20.12.114.34",
              "20.12.114.100",
              "20.12.114.190",
              "20.12.114.221",
              "20.12.114.243",
              "20.12.115.5",
              "20.12.115.14",
              "20.119.136.10"
            ],
            "possible_outbound_ip_addresses": "20.22.97.118,20.22.103.156,20.22.103.192,20.22.103.201,20.22.103.206,20.22.103.227,20.22.103.232,20.12.112.26,20.12.112.32,20.12.112.124,20.12.112.153,20.12.112.156,20.12.113.210,20.12.113.213,20.12.113.216,20.12.113.255,20.12.114.32,20.12.114.34,20.12.114.100,20.12.114.190,20.12.114.221,20.12.114.243,20.12.115.5,20.12.115.14,20.119.136.10",
            "resource_group_name": "apisfabio-rg",
            "site_config": [
              {
                "always_on": true,
                "app_command_line": "",
                "auto_swap_slot_name": "",
                "cors": [
                  {
                    "allowed_origins": [],
                    "support_credentials": false
                  }
                ],
                "default_documents": [
                  "Default.htm",
                  "Default.html",
                  "Default.asp",
                  "index.htm",
                  "index.html",
                  "iisstart.htm",
                  "default.aspx",
                  "index.php",
                  "hostingstart.html"
                ],
                "dotnet_framework_version": "v4.0",
                "ftps_state": "FtpsOnly",
                "health_check_path": "",
                "http2_enabled": false,
                "ip_restriction": [],
                "java_container": "",
                "java_container_version": "",
                "java_version": "",
                "linux_fx_version": "DOCKER|apifabio.azurecr.io/apiimage:1.0.0",
                "local_mysql_enabled": false,
                "managed_pipeline_mode": "Integrated",
                "min_tls_version": "1.2",
                "number_of_workers": 1,
                "php_version": "",
                "python_version": "",
                "remote_debugging_enabled": false,
                "remote_debugging_version": "VS2019",
                "scm_ip_restriction": [],
                "scm_type": "None",
                "scm_use_main_ip_restriction": false,
                "use_32_bit_worker_process": false,
                "websockets_enabled": false,
                "windows_fx_version": ""
              }
            ],
            "site_credential": [
              {
                "password": "lJSj6pn2HyEJRQoc4eBwmsxDAGspZeyoxJLne73fknyz5XEfeueb1s2qcBWJ",
                "username": "$apimla"
              }
            ],
            "source_control": [
              {
                "branch": "master",
                "manual_integration": false,
                "repo_url": "",
                "rollback_enabled": false,
                "use_mercurial": false
              }
            ],
            "storage_account": [],
            "tags": null,
            "timeouts": null
          },
          "sensitive_attributes": [],
          "private": "eyJlMmJmYjczMC1lY2FhLTExZTYtOGY4OC0zNDM2M2JjN2M0YzAiOnsiY3JlYXRlIjoxODAwMDAwMDAwMDAwLCJkZWxldGUiOjE4MDAwMDAwMDAwMDAsInJlYWQiOjMwMDAwMDAwMDAwMCwidXBkYXRlIjoxODAwMDAwMDAwMDAwfX0=",
          "dependencies": [
            "azurerm_app_service_plan.appserviceplan",
            "azurerm_resource_group.rg"
          ]
        },
        {
          "index_key": "apimlb",
          "schema_version": 0,
          "attributes": {
            "app_service_plan_id": "/subscriptions/cf2f3d8f-d5f0-4e57-af12-ffed0b28f6f6/resourceGroups/apisfabio-rg/providers/Microsoft.Web/serverfarms/appserviceplan",
            "app_settings": {
              "DOCKER_REGISTRY_SERVER_PASSWORD": "ku054FMkMwzmlaLzx6Mro+/rZtLy2fmTI57RQLlGMQ+ACRBgLZtB",
              "DOCKER_REGISTRY_SERVER_URL": "https://apifabio.azurecr.io",
              "DOCKER_REGISTRY_SERVER_USERNAME": "apifabio",
              "WEBSITES_ENABLE_APP_SERVICE_STORAGE": "false",
              "WEBSITES_PORT": "3000"
            },
            "auth_settings": [
              {
                "active_directory": [],
                "additional_login_params": {},
                "allowed_external_redirect_urls": [],
                "default_provider": "",
                "enabled": false,
                "facebook": [],
                "google": [],
                "issuer": "",
                "microsoft": [],
                "runtime_version": "",
                "token_refresh_extension_hours": 0,
                "token_store_enabled": false,
                "twitter": [],
                "unauthenticated_client_action": ""
              }
            ],
            "backup": [],
            "client_affinity_enabled": false,
            "client_cert_enabled": false,
            "connection_string": [],
            "custom_domain_verification_id": "1DA95F283F3F1792027744C04307B9D8AF04820E6CA21C42EFDB88ACE8E2AAD5",
            "default_site_hostname": "apimlb.azurewebsites.net",
            "enabled": true,
            "https_only": false,
            "id": "/subscriptions/cf2f3d8f-d5f0-4e57-af12-ffed0b28f6f6/resourceGroups/apisfabio-rg/providers/Microsoft.Web/sites/apimlb",
            "identity": [],
            "location": "eastus2",
            "logs": [
              {
                "application_logs": [
                  {
                    "azure_blob_storage": [],
                    "file_system_level": "Off"
                  }
                ],
                "detailed_error_messages_enabled": false,
                "failed_request_tracing_enabled": false,
                "http_logs": [
                  {
                    "azure_blob_storage": [],
                    "file_system": []
                  }
                ]
              }
            ],
            "name": "apimlb",
            "outbound_ip_address_list": [
              "20.22.97.118",
              "20.22.103.156",
              "20.22.103.192",
              "20.22.103.201",
              "20.22.103.206",
              "20.22.103.227",
              "20.119.136.10"
            ],
            "outbound_ip_addresses": "20.22.97.118,20.22.103.156,20.22.103.192,20.22.103.201,20.22.103.206,20.22.103.227,20.119.136.10",
            "possible_outbound_ip_address_list": [
              "20.22.97.118",
              "20.22.103.156",
              "20.22.103.192",
              "20.22.103.201",
              "20.22.103.206",
              "20.22.103.227",
              "20.22.103.232",
              "20.12.112.26",
              "20.12.112.32",
              "20.12.112.124",
              "20.12.112.153",
              "20.12.112.156",
              "20.12.113.210",
              "20.12.113.213",
              "20.12.113.216",
              "20.12.113.255",
              "20.12.114.32",
              "20.12.114.34",
              "20.12.114.100",
              "20.12.114.190",
              "20.12.114.221",
              "20.12.114.243",
              "20.12.115.5",
              "20.12.115.14",
              "20.119.136.10"
            ],
            "possible_outbound_ip_addresses": "20.22.97.118,20.22.103.156,20.22.103.192,20.22.103.201,20.22.103.206,20.22.103.227,20.22.103.232,20.12.112.26,20.12.112.32,20.12.112.124,20.12.112.153,20.12.112.156,20.12.113.210,20.12.113.213,20.12.113.216,20.12.113.255,20.12.114.32,20.12.114.34,20.12.114.100,20.12.114.190,20.12.114.221,20.12.114.243,20.12.115.5,20.12.115.14,20.119.136.10",
            "resource_group_name": "apisfabio-rg",
            "site_config": [
              {
                "always_on": true,
                "app_command_line": "",
                "auto_swap_slot_name": "",
                "cors": [
                  {
                    "allowed_origins": [],
                    "support_credentials": false
                  }
                ],
                "default_documents": [
                  "Default.htm",
                  "Default.html",
                  "Default.asp",
                  "index.htm",
                  "index.html",
                  "iisstart.htm",
                  "default.aspx",
                  "index.php",
                  "hostingstart.html"
                ],
                "dotnet_framework_version": "v4.0",
                "ftps_state": "FtpsOnly",
                "health_check_path": "",
                "http2_enabled": false,
                "ip_restriction": [],
                "java_container": "",
                "java_container_version": "",
                "java_version": "",
                "linux_fx_version": "DOCKER|apifabio.azurecr.io/apiimage:1.0.0",
                "local_mysql_enabled": false,
                "managed_pipeline_mode": "Integrated",
                "min_tls_version": "1.2",
                "number_of_workers": 1,
                "php_version": "",
                "python_version": "",
                "remote_debugging_enabled": false,
                "remote_debugging_version": "VS2019",
                "scm_ip_restriction": [],
                "scm_type": "None",
                "scm_use_main_ip_restriction": false,
                "use_32_bit_worker_process": false,
                "websockets_enabled": false,
                "windows_fx_version": ""
              }
            ],
            "site_credential": [
              {
                "password": "cr2xWF3p8JoD4rzoiWZr5rsWWpZyCCwMFiPHQqEHn4HR7BDfDtz0zqTMKDbn",
                "username": "$apimlb"
              }
            ],
            "source_control": [
              {
                "branch": "master",
                "manual_integration": false,
                "repo_url": "",
                "rollback_enabled": false,
                "use_mercurial": false
              }
            ],
            "storage_account": [],
            "tags": null,
            "timeouts": null
          },
          "sensitive_attributes": [],
          "private": "eyJlMmJmYjczMC1lY2FhLTExZTYtOGY4OC0zNDM2M2JjN2M0YzAiOnsiY3JlYXRlIjoxODAwMDAwMDAwMDAwLCJkZWxldGUiOjE4MDAwMDAwMDAwMDAsInJlYWQiOjMwMDAwMDAwMDAwMCwidXBkYXRlIjoxODAwMDAwMDAwMDAwfX0=",
          "dependencies": [
            "azurerm_app_service_plan.appserviceplan",
            "azurerm_resource_group.rg"
          ]
        },
        {
          "index_key": "apimlc",
          "schema_version": 0,
          "attributes": {
            "app_service_plan_id": "/subscriptions/cf2f3d8f-d5f0-4e57-af12-ffed0b28f6f6/resourceGroups/apisfabio-rg/providers/Microsoft.Web/serverfarms/appserviceplan",
            "app_settings": {
              "DOCKER_REGISTRY_SERVER_PASSWORD": "ku054FMkMwzmlaLzx6Mro+/rZtLy2fmTI57RQLlGMQ+ACRBgLZtB",
              "DOCKER_REGISTRY_SERVER_URL": "https://apifabio.azurecr.io",
              "DOCKER_REGISTRY_SERVER_USERNAME": "apifabio",
              "WEBSITES_ENABLE_APP_SERVICE_STORAGE": "false",
              "WEBSITES_PORT": "3000"
            },
            "auth_settings": [
              {
                "active_directory": [],
                "additional_login_params": {},
                "allowed_external_redirect_urls": [],
                "default_provider": "",
                "enabled": false,
                "facebook": [],
                "google": [],
                "issuer": "",
                "microsoft": [],
                "runtime_version": "",
                "token_refresh_extension_hours": 0,
                "token_store_enabled": false,
                "twitter": [],
                "unauthenticated_client_action": ""
              }
            ],
            "backup": [],
            "client_affinity_enabled": false,
            "client_cert_enabled": false,
            "connection_string": [],
            "custom_domain_verification_id": "1DA95F283F3F1792027744C04307B9D8AF04820E6CA21C42EFDB88ACE8E2AAD5",
            "default_site_hostname": "apimlc.azurewebsites.net",
            "enabled": true,
            "https_only": false,
            "id": "/subscriptions/cf2f3d8f-d5f0-4e57-af12-ffed0b28f6f6/resourceGroups/apisfabio-rg/providers/Microsoft.Web/sites/apimlc",
            "identity": [],
            "location": "eastus2",
            "logs": [
              {
                "application_logs": [
                  {
                    "azure_blob_storage": [],
                    "file_system_level": "Off"
                  }
                ],
                "detailed_error_messages_enabled": false,
                "failed_request_tracing_enabled": false,
                "http_logs": [
                  {
                    "azure_blob_storage": [],
                    "file_system": []
                  }
                ]
              }
            ],
            "name": "apimlc",
            "outbound_ip_address_list": [
              "20.22.97.118",
              "20.22.103.156",
              "20.22.103.192",
              "20.22.103.201",
              "20.22.103.206",
              "20.22.103.227",
              "20.119.136.10"
            ],
            "outbound_ip_addresses": "20.22.97.118,20.22.103.156,20.22.103.192,20.22.103.201,20.22.103.206,20.22.103.227,20.119.136.10",
            "possible_outbound_ip_address_list": [
              "20.22.97.118",
              "20.22.103.156",
              "20.22.103.192",
              "20.22.103.201",
              "20.22.103.206",
              "20.22.103.227",
              "20.22.103.232",
              "20.12.112.26",
              "20.12.112.32",
              "20.12.112.124",
              "20.12.112.153",
              "20.12.112.156",
              "20.12.113.210",
              "20.12.113.213",
              "20.12.113.216",
              "20.12.113.255",
              "20.12.114.32",
              "20.12.114.34",
              "20.12.114.100",
              "20.12.114.190",
              "20.12.114.221",
              "20.12.114.243",
              "20.12.115.5",
              "20.12.115.14",
              "20.119.136.10"
            ],
            "possible_outbound_ip_addresses": "20.22.97.118,20.22.103.156,20.22.103.192,20.22.103.201,20.22.103.206,20.22.103.227,20.22.103.232,20.12.112.26,20.12.112.32,20.12.112.124,20.12.112.153,20.12.112.156,20.12.113.210,20.12.113.213,20.12.113.216,20.12.113.255,20.12.114.32,20.12.114.34,20.12.114.100,20.12.114.190,20.12.114.221,20.12.114.243,20.12.115.5,20.12.115.14,20.119.136.10",
            "resource_group_name": "apisfabio-rg",
            "site_config": [
              {
                "always_on": true,
                "app_command_line": "",
                "auto_swap_slot_name": "",
                "cors": [
                  {
                    "allowed_origins": [],
                    "support_credentials": false
                  }
                ],
                "default_documents": [
                  "Default.htm",
                  "Default.html",
                  "Default.asp",
                  "index.htm",
                  "index.html",
                  "iisstart.htm",
                  "default.aspx",
                  "index.php",
                  "hostingstart.html"
                ],
                "dotnet_framework_version": "v4.0",
                "ftps_state": "FtpsOnly",
                "health_check_path": "",
                "http2_enabled": false,
                "ip_restriction": [],
                "java_container": "",
                "java_container_version": "",
                "java_version": "",
                "linux_fx_version": "DOCKER|apifabio.azurecr.io/apiimage:1.0.0",
                "local_mysql_enabled": false,
                "managed_pipeline_mode": "Integrated",
                "min_tls_version": "1.2",
                "number_of_workers": 1,
                "php_version": "",
                "python_version": "",
                "remote_debugging_enabled": false,
                "remote_debugging_version": "VS2019",
                "scm_ip_restriction": [],
                "scm_type": "None",
                "scm_use_main_ip_restriction": false,
                "use_32_bit_worker_process": false,
                "websockets_enabled": false,
                "windows_fx_version": ""
              }
            ],
            "site_credential": [
              {
                "password": "ztWzGZjytJtvh62a956gtaylDaTedtGgyaZrwD9mMH5mrWZpgRMm833qrs02",
                "username": "$apimlc"
              }
            ],
            "source_control": [
              {
                "branch": "master",
                "manual_integration": false,
                "repo_url": "",
                "rollback_enabled": false,
                "use_mercurial": false
              }
            ],
            "storage_account": [],
            "tags": null,
            "timeouts": null
          },
          "sensitive_attributes": [],
          "private": "eyJlMmJmYjczMC1lY2FhLTExZTYtOGY4OC0zNDM2M2JjN2M0YzAiOnsiY3JlYXRlIjoxODAwMDAwMDAwMDAwLCJkZWxldGUiOjE4MDAwMDAwMDAwMDAsInJlYWQiOjMwMDAwMDAwMDAwMCwidXBkYXRlIjoxODAwMDAwMDAwMDAwfX0=",
          "dependencies": [
            "azurerm_app_service_plan.appserviceplan",
            "azurerm_resource_group.rg"
          ]
        },
        {
          "index_key": "apimlm",
          "schema_version": 0,
          "attributes": {
            "app_service_plan_id": "/subscriptions/cf2f3d8f-d5f0-4e57-af12-ffed0b28f6f6/resourceGroups/apisfabio-rg/providers/Microsoft.Web/serverfarms/appserviceplan",
            "app_settings": {
              "DOCKER_REGISTRY_SERVER_PASSWORD": "ku054FMkMwzmlaLzx6Mro+/rZtLy2fmTI57RQLlGMQ+ACRBgLZtB",
              "DOCKER_REGISTRY_SERVER_URL": "https://apifabio.azurecr.io",
              "DOCKER_REGISTRY_SERVER_USERNAME": "apifabio",
              "WEBSITES_ENABLE_APP_SERVICE_STORAGE": "false",
              "WEBSITES_PORT": "3000"
            },
            "auth_settings": [
              {
                "active_directory": [],
                "additional_login_params": {},
                "allowed_external_redirect_urls": [],
                "default_provider": "",
                "enabled": false,
                "facebook": [],
                "google": [],
                "issuer": "",
                "microsoft": [],
                "runtime_version": "",
                "token_refresh_extension_hours": 0,
                "token_store_enabled": false,
                "twitter": [],
                "unauthenticated_client_action": ""
              }
            ],
            "backup": [],
            "client_affinity_enabled": false,
            "client_cert_enabled": false,
            "connection_string": [],
            "custom_domain_verification_id": "1DA95F283F3F1792027744C04307B9D8AF04820E6CA21C42EFDB88ACE8E2AAD5",
            "default_site_hostname": "apimlm.azurewebsites.net",
            "enabled": true,
            "https_only": false,
            "id": "/subscriptions/cf2f3d8f-d5f0-4e57-af12-ffed0b28f6f6/resourceGroups/apisfabio-rg/providers/Microsoft.Web/sites/apimlm",
            "identity": [],
            "location": "eastus2",
            "logs": [
              {
                "application_logs": [
                  {
                    "azure_blob_storage": [],
                    "file_system_level": "Off"
                  }
                ],
                "detailed_error_messages_enabled": false,
                "failed_request_tracing_enabled": false,
                "http_logs": [
                  {
                    "azure_blob_storage": [],
                    "file_system": []
                  }
                ]
              }
            ],
            "name": "apimlm",
            "outbound_ip_address_list": [
              "20.22.97.118",
              "20.22.103.156",
              "20.22.103.192",
              "20.22.103.201",
              "20.22.103.206",
              "20.22.103.227",
              "20.119.136.10"
            ],
            "outbound_ip_addresses": "20.22.97.118,20.22.103.156,20.22.103.192,20.22.103.201,20.22.103.206,20.22.103.227,20.119.136.10",
            "possible_outbound_ip_address_list": [
              "20.22.97.118",
              "20.22.103.156",
              "20.22.103.192",
              "20.22.103.201",
              "20.22.103.206",
              "20.22.103.227",
              "20.22.103.232",
              "20.12.112.26",
              "20.12.112.32",
              "20.12.112.124",
              "20.12.112.153",
              "20.12.112.156",
              "20.12.113.210",
              "20.12.113.213",
              "20.12.113.216",
              "20.12.113.255",
              "20.12.114.32",
              "20.12.114.34",
              "20.12.114.100",
              "20.12.114.190",
              "20.12.114.221",
              "20.12.114.243",
              "20.12.115.5",
              "20.12.115.14",
              "20.119.136.10"
            ],
            "possible_outbound_ip_addresses": "20.22.97.118,20.22.103.156,20.22.103.192,20.22.103.201,20.22.103.206,20.22.103.227,20.22.103.232,20.12.112.26,20.12.112.32,20.12.112.124,20.12.112.153,20.12.112.156,20.12.113.210,20.12.113.213,20.12.113.216,20.12.113.255,20.12.114.32,20.12.114.34,20.12.114.100,20.12.114.190,20.12.114.221,20.12.114.243,20.12.115.5,20.12.115.14,20.119.136.10",
            "resource_group_name": "apisfabio-rg",
            "site_config": [
              {
                "always_on": true,
                "app_command_line": "",
                "auto_swap_slot_name": "",
                "cors": [
                  {
                    "allowed_origins": [],
                    "support_credentials": false
                  }
                ],
                "default_documents": [
                  "Default.htm",
                  "Default.html",
                  "Default.asp",
                  "index.htm",
                  "index.html",
                  "iisstart.htm",
                  "default.aspx",
                  "index.php",
                  "hostingstart.html"
                ],
                "dotnet_framework_version": "v4.0",
                "ftps_state": "FtpsOnly",
                "health_check_path": "",
                "http2_enabled": false,
                "ip_restriction": [],
                "java_container": "",
                "java_container_version": "",
                "java_version": "",
                "linux_fx_version": "DOCKER|apifabio.azurecr.io/apiimage:1.0.0",
                "local_mysql_enabled": false,
                "managed_pipeline_mode": "Integrated",
                "min_tls_version": "1.2",
                "number_of_workers": 1,
                "php_version": "",
                "python_version": "",
                "remote_debugging_enabled": false,
                "remote_debugging_version": "VS2019",
                "scm_ip_restriction": [],
                "scm_type": "None",
                "scm_use_main_ip_restriction": false,
                "use_32_bit_worker_process": false,
                "websockets_enabled": false,
                "windows_fx_version": ""
              }
            ],
            "site_credential": [
              {
                "password": "z0dmWvT6qn8iBbazB6xYvwb5eg56ytYzRv72ahBcceXnWglfSgvRHqMHq0nF",
                "username": "$apimlm"
              }
            ],
            "source_control": [
              {
                "branch": "master",
                "manual_integration": false,
                "repo_url": "",
                "rollback_enabled": false,
                "use_mercurial": false
              }
            ],
            "storage_account": [],
            "tags": null,
            "timeouts": null
          },
          "sensitive_attributes": [],
          "private": "eyJlMmJmYjczMC1lY2FhLTExZTYtOGY4OC0zNDM2M2JjN2M0YzAiOnsiY3JlYXRlIjoxODAwMDAwMDAwMDAwLCJkZWxldGUiOjE4MDAwMDAwMDAwMDAsInJlYWQiOjMwMDAwMDAwMDAwMCwidXBkYXRlIjoxODAwMDAwMDAwMDAwfX0=",
          "dependencies": [
            "azurerm_app_service_plan.appserviceplan",
            "azurerm_resource_group.rg"
          ]
        }
      ]
    },
    {
      "mode": "managed",
      "type": "azurerm_app_service_plan",
      "name": "appserviceplan",
      "provider": "provider[\"registry.terraform.io/hashicorp/azurerm\"]",
      "instances": [
        {
          "schema_version": 0,
          "attributes": {
            "app_service_environment_id": "",
            "id": "/subscriptions/cf2f3d8f-d5f0-4e57-af12-ffed0b28f6f6/resourceGroups/apisfabio-rg/providers/Microsoft.Web/serverfarms/appserviceplan",
            "is_xenon": false,
            "kind": "linux",
            "location": "eastus2",
            "maximum_elastic_worker_count": 1,
            "maximum_number_of_workers": 3,
            "name": "appserviceplan",
            "per_site_scaling": false,
            "reserved": true,
            "resource_group_name": "apisfabio-rg",
            "sku": [
              {
                "capacity": 1,
                "size": "B1",
                "tier": "Basic"
              }
            ],
            "tags": null,
            "timeouts": null
          },
          "sensitive_attributes": [],
          "private": "eyJlMmJmYjczMC1lY2FhLTExZTYtOGY4OC0zNDM2M2JjN2M0YzAiOnsiY3JlYXRlIjozNjAwMDAwMDAwMDAwLCJkZWxldGUiOjM2MDAwMDAwMDAwMDAsInJlYWQiOjMwMDAwMDAwMDAwMCwidXBkYXRlIjozNjAwMDAwMDAwMDAwfX0=",
          "dependencies": [
            "azurerm_resource_group.rg"
          ]
        }
      ]
    },
    {
      "mode": "managed",
      "type": "azurerm_resource_group",
      "name": "rg",
      "provider": "provider[\"registry.terraform.io/hashicorp/azurerm\"]",
      "instances": [
        {
          "schema_version": 0,
          "attributes": {
            "id": "/subscriptions/cf2f3d8f-d5f0-4e57-af12-ffed0b28f6f6/resourceGroups/apisfabio-rg",
            "location": "eastus2",
            "name": "apisfabio-rg",
            "tags": null,
            "timeouts": null
          },
          "sensitive_attributes": [],
          "private": "eyJlMmJmYjczMC1lY2FhLTExZTYtOGY4OC0zNDM2M2JjN2M0YzAiOnsiY3JlYXRlIjo1NDAwMDAwMDAwMDAwLCJkZWxldGUiOjU0MDAwMDAwMDAwMDAsInJlYWQiOjMwMDAwMDAwMDAwMCwidXBkYXRlIjo1NDAwMDAwMDAwMDAwfX0="
        }
      ]
    }
  ],
  "check_results": null
}
